# @generated by Move, please check-in and do not edit manually.

[move]
version = 2
manifest_digest = "3C92433F59E28AF02F7F51204BFC1B714DC728546E2F8A69A4DB048AE84359B6"
deps_digest = "F8BBB0CCB2491CA29A3DF03D6F92277A4F3574266507ACD77214D37ECA3F3082"
dependencies = [
  { name = "Sui" },
]

[[move.package]]
name = "MoveStdlib"
source = { git = "https://github.com/MystenLabs/sui.git", rev = "framework/devnet", subdir = "crates/sui-framework/packages/move-stdlib" }

[[move.package]]
name = "Sui"
source = { git = "https://github.com/MystenLabs/sui.git", rev = "framework/devnet", subdir = "crates/sui-framework/packages/sui-framework" }

dependencies = [
  { name = "MoveStdlib" },
]

[move.toolchain-version]
compiler-version = "1.27.2"
edition = "2024.beta"
flavor = "sui"

[env]

[env.devnet]
chain-id = "0ca470f0"
original-published-id = "0x106b370cf2a945e09b5769ecece32794510e46c24d82caf77b0e53793e7edc92"
latest-published-id = "0x106b370cf2a945e09b5769ecece32794510e46c24d82caf77b0e53793e7edc92"
published-version = "1"
